
Microsoft Visual Studio Solution File, Format Version 12.00
# Visual Studio 14
VisualStudioVersion = 14.0.25420.1
MinimumVisualStudioVersion = 10.0.40219.1
Project("{8BC9CEB8-8B4A-11D0-8D11-00A0C91BC942}") = "Sorting", "Sorting\Sorting.vcxproj", "{106E8702-A14B-4053-9AEE-BAFB653701C5}"
EndProject
Project("{8BC9CEB8-8B4A-11D0-8D11-00A0C91BC942}") = "Main", "Main\Main.vcxproj", "{2E3CFBD7-5318-4739-8915-1D8828A05799}"
	ProjectSection(ProjectDependencies) = postProject
		{106E8702-A14B-4053-9AEE-BAFB653701C5} = {106E8702-A14B-4053-9AEE-BAFB653701C5}
	EndProjectSection
EndProject
Project("{8BC9CEB8-8B4A-11D0-8D11-00A0C91BC942}") = "UnitTests", "UnitTests\UnitTests.vcxproj", "{4A15EFA1-BDA2-41B0-AD53-2C7F6FB4C3E1}"
	ProjectSection(ProjectDependencies) = postProject
		{106E8702-A14B-4053-9AEE-BAFB653701C5} = {106E8702-A14B-4053-9AEE-BAFB653701C5}
	EndProjectSection
EndProject
Global
	GlobalSection(SolutionConfigurationPlatforms) = preSolution
		Debug|x64 = Debug|x64
		Debug|x86 = Debug|x86
		Release|x64 = Release|x64
		Release|x86 = Release|x86
	EndGlobalSection
	GlobalSection(ProjectConfigurationPlatforms) = postSolution
		{106E8702-A14B-4053-9AEE-BAFB653701C5}.Debug|x64.ActiveCfg = Debug|x64
		{106E8702-A14B-4053-9AEE-BAFB653701C5}.Debug|x64.Build.0 = Debug|x64
		{106E8702-A14B-4053-9AEE-BAFB653701C5}.Debug|x86.ActiveCfg = Debug|Win32
		{106E8702-A14B-4053-9AEE-BAFB653701C5}.Debug|x86.Build.0 = Debug|Win32
		{106E8702-A14B-4053-9AEE-BAFB653701C5}.Release|x64.ActiveCfg = Release|x64
		{106E8702-A14B-4053-9AEE-BAFB653701C5}.Release|x64.Build.0 = Release|x64
		{106E8702-A14B-4053-9AEE-BAFB653701C5}.Release|x86.ActiveCfg = Release|Win32
		{106E8702-A14B-4053-9AEE-BAFB653701C5}.Release|x86.Build.0 = Release|Win32
		{2E3CFBD7-5318-4739-8915-1D8828A05799}.Debug|x64.ActiveCfg = Debug|x64
		{2E3CFBD7-5318-4739-8915-1D8828A05799}.Debug|x64.Build.0 = Debug|x64
		{2E3CFBD7-5318-4739-8915-1D8828A05799}.Debug|x86.ActiveCfg = Debug|Win32
		{2E3CFBD7-5318-4739-8915-1D8828A05799}.Debug|x86.Build.0 = Debug|Win32
		{2E3CFBD7-5318-4739-8915-1D8828A05799}.Release|x64.ActiveCfg = Release|x64
		{2E3CFBD7-5318-4739-8915-1D8828A05799}.Release|x64.Build.0 = Release|x64
		{2E3CFBD7-5318-4739-8915-1D8828A05799}.Release|x86.ActiveCfg = Release|Win32
		{2E3CFBD7-5318-4739-8915-1D8828A05799}.Release|x86.Build.0 = Release|Win32
		{4A15EFA1-BDA2-41B0-AD53-2C7F6FB4C3E1}.Debug|x64.ActiveCfg = Debug|x64
		{4A15EFA1-BDA2-41B0-AD53-2C7F6FB4C3E1}.Debug|x64.Build.0 = Debug|x64
		{4A15EFA1-BDA2-41B0-AD53-2C7F6FB4C3E1}.Debug|x86.ActiveCfg = Debug|Win32
		{4A15EFA1-BDA2-41B0-AD53-2C7F6FB4C3E1}.Debug|x86.Build.0 = Debug|Win32
		{4A15EFA1-BDA2-41B0-AD53-2C7F6FB4C3E1}.Release|x64.ActiveCfg = Release|x64
		{4A15EFA1-BDA2-41B0-AD53-2C7F6FB4C3E1}.Release|x64.Build.0 = Release|x64
		{4A15EFA1-BDA2-41B0-AD53-2C7F6FB4C3E1}.Release|x86.ActiveCfg = Release|Win32
		{4A15EFA1-BDA2-41B0-AD53-2C7F6FB4C3E1}.Release|x86.Build.0 = Release|Win32
	EndGlobalSection
	GlobalSection(SolutionProperties) = preSolution
		HideSolutionNode = FALSE
	EndGlobalSection
EndGlobal
